
Microsoft Visual Studio Solution File, Format Version 11.00
# Visual Studio 2010
Project("{FAE04EC0-301F-11D3-BF4B-00C04F79EFBC}") = "CardiacArrest", "CardiacArrest\CardiacArrest\CardiacArrest.csproj", "{57189F04-E2FE-4920-864F-DBC7D72EC3F6}"
EndProject
Project("{96E2B04D-8817-42C6-938A-82C39BA4D311}") = "CardiacArrestContent", "CardiacArrest\CardiacArrestContent\CardiacArrestContent.contentproj", "{50C4B848-13AA-411E-8681-27A04DCEA394}"
EndProject
Global
	GlobalSection(SolutionConfigurationPlatforms) = preSolution
		Debug|x86 = Debug|x86
		Release|x86 = Release|x86
	EndGlobalSection
	GlobalSection(ProjectConfigurationPlatforms) = postSolution
		{57189F04-E2FE-4920-864F-DBC7D72EC3F6}.Debug|x86.ActiveCfg = Debug|x86
		{57189F04-E2FE-4920-864F-DBC7D72EC3F6}.Debug|x86.Build.0 = Debug|x86
		{57189F04-E2FE-4920-864F-DBC7D72EC3F6}.Release|x86.ActiveCfg = Release|x86
		{57189F04-E2FE-4920-864F-DBC7D72EC3F6}.Release|x86.Build.0 = Release|x86
		{50C4B848-13AA-411E-8681-27A04DCEA394}.Debug|x86.ActiveCfg = Debug|x86
		{50C4B848-13AA-411E-8681-27A04DCEA394}.Release|x86.ActiveCfg = Release|x86
	EndGlobalSection
	GlobalSection(SolutionProperties) = preSolution
		HideSolutionNode = FALSE
	EndGlobalSection
EndGlobal
